
Microsoft Visual Studio Solution File, Format Version 12.00
# Visual Studio Version 16
VisualStudioVersion = 16.0.28922.388
MinimumVisualStudioVersion = 10.0.40219.1
Project("{2150E333-8FDC-42A3-9474-1A3956D46DE8}") = "Solution Items", "Solution Items", "{15BF1400-8386-405E-A8A7-39C1C888B044}"
	ProjectSection(SolutionItems) = preProject
		index.html = index.html
		three.js = three.js
		URL.txt = URL.txt
	EndProjectSection
EndProject
Project("{2150E333-8FDC-42A3-9474-1A3956D46DE8}") = "Threejs", "Threejs", "{FABF9381-3875-40E0-8162-0EBD8D840375}"
	ProjectSection(SolutionItems) = preProject
		..\three.js\dev\src\helpers\AxesHelper.js = ..\three.js\dev\src\helpers\AxesHelper.js
		..\three.js\dev\LICENSE = ..\three.js\dev\LICENSE
		..\three.js\dev\src\math\MathBox.js = ..\three.js\dev\src\math\MathBox.js
		..\three.js\dev\package.json = ..\three.js\dev\package.json
		..\three.js\dev\src\objects\Points.js = ..\three.js\dev\src\objects\Points.js
		..\three.js\dev\README.md = ..\three.js\dev\README.md
		..\three.js\dev\rollup.config.js = ..\three.js\dev\rollup.config.js
		..\three.js\dev\src\objects\SpriteText.js = ..\three.js\dev\src\objects\SpriteText.js
		..\..\URL.txt = ..\..\URL.txt
	EndProjectSection
EndProject
Project("{2150E333-8FDC-42A3-9474-1A3956D46DE8}") = "jsm", "jsm", "{760A7DBE-76C1-44BC-BC29-F078FDEE7ADD}"
	ProjectSection(SolutionItems) = preProject
		..\three.js\dev\examples\jsm\effects\StereoEffect.js = ..\three.js\dev\examples\jsm\effects\StereoEffect.js
	EndProjectSection
EndProject
Project("{2150E333-8FDC-42A3-9474-1A3956D46DE8}") = "colorpicker", "colorpicker", "{0223DBEA-9314-4B40-8F04-CFF1C5F53A04}"
	ProjectSection(SolutionItems) = preProject
		..\colorpicker\master\.babelrc = ..\colorpicker\master\.babelrc
		..\colorpicker\master\colorpicker.css = ..\colorpicker\master\colorpicker.css
		..\colorpicker\master\colorpicker.js = ..\colorpicker\master\colorpicker.js
		..\colorpicker\master\index.js = ..\colorpicker\master\index.js
		..\colorpicker\master\licenseBanner.txt = ..\colorpicker\master\licenseBanner.txt
		..\colorpicker\master\package.json = ..\colorpicker\master\package.json
		..\colorpicker\master\README.md = ..\colorpicker\master\README.md
		..\colorpicker\master\rollup.config.js = ..\colorpicker\master\rollup.config.js
		..\colorpicker\master\rollup.config.min.js = ..\colorpicker\master\rollup.config.min.js
		..\colorpicker\master\URL.txt = ..\colorpicker\master\URL.txt
	EndProjectSection
EndProject
Project("{2150E333-8FDC-42A3-9474-1A3956D46DE8}") = "Example", "Example", "{C1F18924-FF9D-440D-923E-B44CE48E5C95}"
	ProjectSection(SolutionItems) = preProject
		..\colorpicker\master\Example\example.js = ..\colorpicker\master\Example\example.js
		..\colorpicker\master\Example\index.html = ..\colorpicker\master\Example\index.html
		..\colorpicker\master\Example\modular.html = ..\colorpicker\master\Example\modular.html
	EndProjectSection
EndProject
Project("{2150E333-8FDC-42A3-9474-1A3956D46DE8}") = "Examples", "Examples", "{239BA108-DA5E-408C-943B-80ACDC86A316}"
	ProjectSection(SolutionItems) = preProject
		..\three.js\dev\examples\webgl_effects_stereo.html = ..\three.js\dev\examples\webgl_effects_stereo.html
		..\three.js\dev\examples\webgl_geometry_convex.html = ..\three.js\dev\examples\webgl_geometry_convex.html
		..\three.js\dev\examples\webgl_math.html = ..\three.js\dev\examples\webgl_math.html
		..\three.js\dev\examples\webgl_raycaster_stereo.html = ..\three.js\dev\examples\webgl_raycaster_stereo.html
		..\three.js\dev\examples\webgl_sprites_text.html = ..\three.js\dev\examples\webgl_sprites_text.html
	EndProjectSection
EndProject
Project("{2150E333-8FDC-42A3-9474-1A3956D46DE8}") = "js", "js", "{A7F5106D-9319-4868-AB71-F48236F1BFD4}"
	ProjectSection(SolutionItems) = preProject
		..\three.js\dev\examples\js\effects\StereoEffect.js = ..\three.js\dev\examples\js\effects\StereoEffect.js
	EndProjectSection
EndProject
Project("{2150E333-8FDC-42A3-9474-1A3956D46DE8}") = "libs", "libs", "{06F88B43-EE91-4E83-87D1-4459A52ED3B3}"
	ProjectSection(SolutionItems) = preProject
		..\three.js\examples\js\libs\dat.gui.js = ..\three.js\examples\js\libs\dat.gui.js
	EndProjectSection
EndProject
Project("{2150E333-8FDC-42A3-9474-1A3956D46DE8}") = "webgl-debug", "webgl-debug", "{0421419D-1009-480B-95D6-2E153D129FF1}"
	ProjectSection(SolutionItems) = preProject
		..\webgl-debug\webgl-debug\index.js = ..\webgl-debug\webgl-debug\index.js
		..\webgl-debug\webgl-debug\LICENSE.md = ..\webgl-debug\webgl-debug\LICENSE.md
		..\webgl-debug\webgl-debug\package.json = ..\webgl-debug\webgl-debug\package.json
		..\webgl-debug\webgl-debug\README.md = ..\webgl-debug\webgl-debug\README.md
		..\webgl-debug\URL.txt = ..\webgl-debug\URL.txt
	EndProjectSection
EndProject
Project("{2150E333-8FDC-42A3-9474-1A3956D46DE8}") = "build", "build", "{085F70ED-D7FB-445D-90C6-BB363A8F00E3}"
	ProjectSection(SolutionItems) = preProject
		..\webgl-debug\webgl-debug\build\webgl-debug.js = ..\webgl-debug\webgl-debug\build\webgl-debug.js
	EndProjectSection
EndProject
Project("{2150E333-8FDC-42A3-9474-1A3956D46DE8}") = "controllerPlay", "controllerPlay", "{890184DD-7BB0-4096-AA52-C41EC408C416}"
	ProjectSection(SolutionItems) = preProject
		..\controllerPlay\master\.babelrc = ..\controllerPlay\master\.babelrc
		..\controllerPlay\master\controllerPlay.js = ..\controllerPlay\master\controllerPlay.js
		..\controllerPlay\master\index.js = ..\controllerPlay\master\index.js
		..\controllerPlay\master\licenseBanner.txt = ..\controllerPlay\master\licenseBanner.txt
		..\controllerPlay\master\package.json = ..\controllerPlay\master\package.json
		..\controllerPlay\master\README.md = ..\controllerPlay\master\README.md
		..\controllerPlay\master\rollup.config.js = ..\controllerPlay\master\rollup.config.js
		..\controllerPlay\master\rollup.config.min.js = ..\controllerPlay\master\rollup.config.min.js
		..\controllerPlay\master\URL.txt = ..\controllerPlay\master\URL.txt
	EndProjectSection
EndProject
Project("{2150E333-8FDC-42A3-9474-1A3956D46DE8}") = "Examples", "Examples", "{44926EC7-8F52-44FF-9F49-7108ACA4AE2B}"
EndProject
Project("{2150E333-8FDC-42A3-9474-1A3956D46DE8}") = "html", "html", "{B9EADEE5-2A51-41AF-9314-CAB3F6A7AE68}"
	ProjectSection(SolutionItems) = preProject
		controllerPlay\master\Examples\html\index - No THREE.html = controllerPlay\master\Examples\html\index - No THREE.html
		controllerPlay\master\Examples\html\index - Play.html = controllerPlay\master\Examples\html\index - Play.html
		controllerPlay\master\Examples\html\index - THREE.html = controllerPlay\master\Examples\html\index - THREE.html
		..\controllerPlay\master\Examples\html\index.html = ..\controllerPlay\master\Examples\html\index.html
	EndProjectSection
EndProject
Project("{2150E333-8FDC-42A3-9474-1A3956D46DE8}") = "myThreejs", "myThreejs", "{DC036934-C830-4900-A2A7-7AD7163265BC}"
	ProjectSection(SolutionItems) = preProject
		..\myThreejs\master\.babelrc = ..\myThreejs\master\.babelrc
		..\myThreejs\master\.gitignore = ..\myThreejs\master\.gitignore
		..\myThreejs\master\canvasContainer.html = ..\myThreejs\master\canvasContainer.html
		..\myThreejs\master\CODE_OF_CONDUCT.md = ..\myThreejs\master\CODE_OF_CONDUCT.md
		..\myThreejs\master\index.js = ..\myThreejs\master\index.js
		..\myThreejs\master\LICENSE = ..\myThreejs\master\LICENSE
		..\myThreejs\master\licenseBanner.txt = ..\myThreejs\master\licenseBanner.txt
		..\myThreejs\master\myThreejs.js = ..\myThreejs\master\myThreejs.js
		..\myThreejs\master\package.json = ..\myThreejs\master\package.json
		..\myThreejs\master\player.js = ..\myThreejs\master\player.js
		..\myThreejs\master\README.md = ..\myThreejs\master\README.md
		..\myThreejs\master\rollup.config.js = ..\myThreejs\master\rollup.config.js
		..\myThreejs\master\rollup.config.min.js = ..\myThreejs\master\rollup.config.min.js
		..\myThreejs\master\URL.txt = ..\myThreejs\master\URL.txt
	EndProjectSection
EndProject
Project("{2150E333-8FDC-42A3-9474-1A3956D46DE8}") = "Examples", "Examples", "{51A9FB20-00F6-49EA-BF5A-82395DA43E6A}"
EndProject
Project("{2150E333-8FDC-42A3-9474-1A3956D46DE8}") = "html", "html", "{7044C186-2119-49B5-ADCF-52630EB45AD1}"
	ProjectSection(SolutionItems) = preProject
		..\myThreejs\master\Examples\html\index.html = ..\myThreejs\master\Examples\html\index.html
	EndProjectSection
EndProject
Project("{2150E333-8FDC-42A3-9474-1A3956D46DE8}") = "commonNodeJS", "commonNodeJS", "{2DFBF6BE-4FA0-40BE-A56E-CE7F8D87DCFB}"
	ProjectSection(SolutionItems) = preProject
		..\commonNodeJS\master\.babelrc = ..\commonNodeJS\master\.babelrc
		..\commonNodeJS\master\.gitignore = ..\commonNodeJS\master\.gitignore
		..\commonNodeJS\master\AxesHelperGui.js = ..\commonNodeJS\master\AxesHelperGui.js
		..\commonNodeJS\master\clearThree.js = ..\commonNodeJS\master\clearThree.js
		..\commonNodeJS\master\dat.js = ..\commonNodeJS\master\dat.js
		..\commonNodeJS\master\index.js = ..\commonNodeJS\master\index.js
		..\commonNodeJS\master\lang.js = ..\commonNodeJS\master\lang.js
		..\commonNodeJS\master\licenseBanner.txt = ..\commonNodeJS\master\licenseBanner.txt
		..\commonNodeJS\master\OrbitControlsGui.js = ..\commonNodeJS\master\OrbitControlsGui.js
		..\commonNodeJS\master\package.json = ..\commonNodeJS\master\package.json
		..\commonNodeJS\master\PositionController.js = ..\commonNodeJS\master\PositionController.js
		..\commonNodeJS\master\README.md = ..\commonNodeJS\master\README.md
		..\commonNodeJS\master\rollup.config.js = ..\commonNodeJS\master\rollup.config.js
		..\commonNodeJS\master\rollup.config.min.js = ..\commonNodeJS\master\rollup.config.min.js
		..\commonNodeJS\master\ScaleController.js = ..\commonNodeJS\master\ScaleController.js
		..\commonNodeJS\master\SizeOfObject.js = ..\commonNodeJS\master\SizeOfObject.js
		..\commonNodeJS\master\UpDownController.js = ..\commonNodeJS\master\UpDownController.js
		..\commonNodeJS\master\URL.txt = ..\commonNodeJS\master\URL.txt
	EndProjectSection
EndProject
Project("{2150E333-8FDC-42A3-9474-1A3956D46DE8}") = "DropdownMenu", "DropdownMenu", "{63DBA435-15A5-4267-8CFC-6E462F095676}"
	ProjectSection(SolutionItems) = preProject
		..\DropdownMenu\master\index.js = ..\DropdownMenu\master\index.js
		..\DropdownMenu\master\licenseBanner.txt = ..\DropdownMenu\master\licenseBanner.txt
		..\DropdownMenu\master\package.json = ..\DropdownMenu\master\package.json
		..\DropdownMenu\master\README.md = ..\DropdownMenu\master\README.md
		..\DropdownMenu\master\rollup.config.js = ..\DropdownMenu\master\rollup.config.js
		..\DropdownMenu\master\rollup.config.min.js = ..\DropdownMenu\master\rollup.config.min.js
		..\DropdownMenu\master\URL.txt = ..\DropdownMenu\master\URL.txt
	EndProjectSection
EndProject
Project("{2150E333-8FDC-42A3-9474-1A3956D46DE8}") = "menuPlay", "menuPlay", "{9CE63C7F-5260-4F0A-A64D-7B1726DCF0BF}"
	ProjectSection(SolutionItems) = preProject
		..\menuPlay\master\.babelrc = ..\menuPlay\master\.babelrc
		..\menuPlay\master\index.js = ..\menuPlay\master\index.js
		..\menuPlay\master\licenseBanner.txt = ..\menuPlay\master\licenseBanner.txt
		..\menuPlay\master\menuPlay.js = ..\menuPlay\master\menuPlay.js
		..\menuPlay\master\package.json = ..\menuPlay\master\package.json
		..\menuPlay\master\README.md = ..\menuPlay\master\README.md
		..\menuPlay\master\rollup.config.js = ..\menuPlay\master\rollup.config.js
		..\menuPlay\master\rollup.config.min.js = ..\menuPlay\master\rollup.config.min.js
		..\menuPlay\master\URL.txt = ..\menuPlay\master\URL.txt
	EndProjectSection
EndProject
Project("{2150E333-8FDC-42A3-9474-1A3956D46DE8}") = "loadScriptNodeJS", "loadScriptNodeJS", "{C11489E3-FB31-4CEB-AD32-35B9511D71FA}"
	ProjectSection(SolutionItems) = preProject
		..\loadScriptNodeJS\master\.babelrc = ..\loadScriptNodeJS\master\.babelrc
		..\loadScriptNodeJS\master\appendTo.js = ..\loadScriptNodeJS\master\appendTo.js
		..\loadScriptNodeJS\master\index.html = ..\loadScriptNodeJS\master\index.html
		..\loadScriptNodeJS\master\index.js = ..\loadScriptNodeJS\master\index.js
		..\loadScriptNodeJS\master\JavaScript.js = ..\loadScriptNodeJS\master\JavaScript.js
		..\loadScriptNodeJS\master\JavaScript1.js = ..\loadScriptNodeJS\master\JavaScript1.js
		..\loadScriptNodeJS\master\JavaScript2.js = ..\loadScriptNodeJS\master\JavaScript2.js
		..\loadScriptNodeJS\master\JavaScript3.js = ..\loadScriptNodeJS\master\JavaScript3.js
		..\loadScriptNodeJS\master\licenseBanner.txt = ..\loadScriptNodeJS\master\licenseBanner.txt
		..\loadScriptNodeJS\master\loadScript.js = ..\loadScriptNodeJS\master\loadScript.js
		..\loadScriptNodeJS\master\package.json = ..\loadScriptNodeJS\master\package.json
		..\loadScriptNodeJS\master\README.md = ..\loadScriptNodeJS\master\README.md
		..\loadScriptNodeJS\master\rollup.config.js = ..\loadScriptNodeJS\master\rollup.config.js
		..\loadScriptNodeJS\master\rollup.config.min.js = ..\loadScriptNodeJS\master\rollup.config.min.js
		..\loadScriptNodeJS\master\sync.js = ..\loadScriptNodeJS\master\sync.js
		..\loadScriptNodeJS\master\sync2.js = ..\loadScriptNodeJS\master\sync2.js
		..\loadScriptNodeJS\master\URL.txt = ..\loadScriptNodeJS\master\URL.txt
	EndProjectSection
EndProject
Project("{2150E333-8FDC-42A3-9474-1A3956D46DE8}") = "loadFileNodeJS", "loadFileNodeJS", "{EA472625-E91E-499F-826C-D4C7D0098D47}"
	ProjectSection(SolutionItems) = preProject
		..\loadFileNodeJS\master\.babelrc = ..\loadFileNodeJS\master\.babelrc
		..\loadFileNodeJS\master\element.html = ..\loadFileNodeJS\master\element.html
		..\loadFileNodeJS\master\index.html = ..\loadFileNodeJS\master\index.html
		..\loadFileNodeJS\master\index.js = ..\loadFileNodeJS\master\index.js
		..\loadFileNodeJS\master\licenseBanner.txt = ..\loadFileNodeJS\master\licenseBanner.txt
		..\loadFileNodeJS\master\loadFile.js = ..\loadFileNodeJS\master\loadFile.js
		..\loadFileNodeJS\master\package.json = ..\loadFileNodeJS\master\package.json
		..\loadFileNodeJS\master\README.md = ..\loadFileNodeJS\master\README.md
		..\loadFileNodeJS\master\rollup.config.js = ..\loadFileNodeJS\master\rollup.config.js
		..\loadFileNodeJS\master\rollup.config.min.js = ..\loadFileNodeJS\master\rollup.config.min.js
		..\loadFileNodeJS\master\URL.txt = ..\loadFileNodeJS\master\URL.txt
	EndProjectSection
EndProject
Project("{2150E333-8FDC-42A3-9474-1A3956D46DE8}") = "Examples", "Examples", "{B16F0423-D6B6-4D03-9698-B85BBE9B1116}"
EndProject
Project("{2150E333-8FDC-42A3-9474-1A3956D46DE8}") = "html", "html", "{4608948F-B551-422F-9A74-08F48BDD2A6F}"
	ProjectSection(SolutionItems) = preProject
		..\DropdownMenu\master\Examples\html\custom.css = ..\DropdownMenu\master\Examples\html\custom.css
		..\DropdownMenu\master\Examples\html\index.html = ..\DropdownMenu\master\Examples\html\index.html
	EndProjectSection
EndProject
Project("{2150E333-8FDC-42A3-9474-1A3956D46DE8}") = "styles", "styles", "{55C011AA-9126-4F51-A0B2-E36253E28908}"
	ProjectSection(SolutionItems) = preProject
		..\DropdownMenu\master\styles\gui.css = ..\DropdownMenu\master\styles\gui.css
		..\DropdownMenu\master\styles\menu.css = ..\DropdownMenu\master\styles\menu.css
	EndProjectSection
EndProject
Project("{2150E333-8FDC-42A3-9474-1A3956D46DE8}") = "Decorations", "Decorations", "{E74354F1-F348-476C-BAE8-CA114CBB9C78}"
	ProjectSection(SolutionItems) = preProject
		..\DropdownMenu\master\styles\Decorations\gradient.css = ..\DropdownMenu\master\styles\Decorations\gradient.css
		..\DropdownMenu\master\styles\Decorations\transparent.css = ..\DropdownMenu\master\styles\Decorations\transparent.css
	EndProjectSection
EndProject
Project("{2150E333-8FDC-42A3-9474-1A3956D46DE8}") = "dat.gui", "dat.gui", "{73DCEF37-2034-45B1-BEE5-3D52ADF4959A}"
	ProjectSection(SolutionItems) = preProject
		..\dat.gui\CustomController\.babelrc = ..\dat.gui\CustomController\.babelrc
		..\dat.gui\CustomController\.gitignore = ..\dat.gui\CustomController\.gitignore
		..\dat.gui\CustomController\API.md = ..\dat.gui\CustomController\API.md
		..\dat.gui\CustomController\bower.json = ..\dat.gui\CustomController\bower.json
		..\dat.gui\CustomController\CHANGELOG.md = ..\dat.gui\CustomController\CHANGELOG.md
		..\dat.gui\CustomController\example.html = ..\dat.gui\CustomController\example.html
		..\dat.gui\CustomController\LICENSE = ..\dat.gui\CustomController\LICENSE
		..\dat.gui\CustomController\licenseBanner.txt = ..\dat.gui\CustomController\licenseBanner.txt
		..\dat.gui\CustomController\package.json = ..\dat.gui\CustomController\package.json
		..\dat.gui\CustomController\README.md = ..\dat.gui\CustomController\README.md
		..\dat.gui\CustomController\rollup.config.js = ..\dat.gui\CustomController\rollup.config.js
		..\dat.gui\CustomController\rollup.config.min.js = ..\dat.gui\CustomController\rollup.config.min.js
		..\dat.gui\CustomController\URL.txt = ..\dat.gui\CustomController\URL.txt
	EndProjectSection
EndProject
Project("{2150E333-8FDC-42A3-9474-1A3956D46DE8}") = "cookieNodeJS", "cookieNodeJS", "{57569E93-81CA-4E98-9D4E-24979485F7FB}"
	ProjectSection(SolutionItems) = preProject
		..\cookieNodeJS\master\.babelrc = ..\cookieNodeJS\master\.babelrc
		..\cookieNodeJS\master\cookie.js = ..\cookieNodeJS\master\cookie.js
		..\cookieNodeJS\master\index.html = ..\cookieNodeJS\master\index.html
		..\cookieNodeJS\master\index.js = ..\cookieNodeJS\master\index.js
		..\cookieNodeJS\master\licenseBanner.txt = ..\cookieNodeJS\master\licenseBanner.txt
		..\cookieNodeJS\master\package.json = ..\cookieNodeJS\master\package.json
		..\cookieNodeJS\master\README.md = ..\cookieNodeJS\master\README.md
		..\cookieNodeJS\master\rollup.config.js = ..\cookieNodeJS\master\rollup.config.js
		..\cookieNodeJS\master\rollup.config.min.js = ..\cookieNodeJS\master\rollup.config.min.js
		..\cookieNodeJS\master\URL.txt = ..\cookieNodeJS\master\URL.txt
	EndProjectSection
EndProject
Project("{2150E333-8FDC-42A3-9474-1A3956D46DE8}") = "customController", "customController", "{6C84673D-CB9E-478D-A938-72364942439A}"
	ProjectSection(SolutionItems) = preProject
		..\customController\customController\customControllers.js = ..\customController\customController\customControllers.js
		..\customController\customController\index.js = ..\customController\customController\index.js
		..\customController\customController\LICENSE = ..\customController\customController\LICENSE
		..\customController\customController\licenseBanner.txt = ..\customController\customController\licenseBanner.txt
		..\customController\customController\package.json = ..\customController\customController\package.json
		..\customController\customController\README.md = ..\customController\customController\README.md
		..\customController\customController\rollup.config.js = ..\customController\customController\rollup.config.js
		..\customController\customController\rollup.config.min.js = ..\customController\customController\rollup.config.min.js
		..\customController\customController\URL.txt = ..\customController\customController\URL.txt
	EndProjectSection
EndProject
Project("{2150E333-8FDC-42A3-9474-1A3956D46DE8}") = "Examples", "Examples", "{71DBEE0A-A118-4EDA-98E6-9173245E608A}"
	ProjectSection(SolutionItems) = preProject
		..\customController\customController\Examples\webgl_custom_controller.html = ..\customController\customController\Examples\webgl_custom_controller.html
		..\three.js\dev\examples\webgl_custom_controller.html = ..\three.js\dev\examples\webgl_custom_controller.html
	EndProjectSection
EndProject
Project("{2150E333-8FDC-42A3-9474-1A3956D46DE8}") = "textures", "textures", "{A7F7E74B-1958-4054-8836-1E9D88CCCA00}"
	ProjectSection(SolutionItems) = preProject
		..\myThreejs\master\textures\point.png = ..\myThreejs\master\textures\point.png
	EndProjectSection
EndProject
Project("{2150E333-8FDC-42A3-9474-1A3956D46DE8}") = "TreeElementNodeJS", "TreeElementNodeJS", "{1984DB59-27EA-4B41-AEF8-4BF91E195244}"
	ProjectSection(SolutionItems) = preProject
		..\TreeElementNodeJS\master\.gitignore = ..\TreeElementNodeJS\master\.gitignore
		..\TreeElementNodeJS\master\index.js = ..\TreeElementNodeJS\master\index.js
		..\TreeElementNodeJS\master\licenseBanner.txt = ..\TreeElementNodeJS\master\licenseBanner.txt
		..\TreeElementNodeJS\master\myTreeView.js = ..\TreeElementNodeJS\master\myTreeView.js
		..\TreeElementNodeJS\master\package-lock.json = ..\TreeElementNodeJS\master\package-lock.json
		..\TreeElementNodeJS\master\package.json = ..\TreeElementNodeJS\master\package.json
		..\TreeElementNodeJS\master\README.md = ..\TreeElementNodeJS\master\README.md
		..\TreeElementNodeJS\master\rollup.config.js = ..\TreeElementNodeJS\master\rollup.config.js
		..\TreeElementNodeJS\master\rollup.config.min.js = ..\TreeElementNodeJS\master\rollup.config.min.js
		..\TreeElementNodeJS\master\URL.txt = ..\TreeElementNodeJS\master\URL.txt
	EndProjectSection
EndProject
Project("{2150E333-8FDC-42A3-9474-1A3956D46DE8}") = "Examples", "Examples", "{703E6FC9-9BD9-42E0-ABD9-499B245043DF}"
EndProject
Project("{2150E333-8FDC-42A3-9474-1A3956D46DE8}") = "html", "html", "{20204269-D267-49CA-80AE-D1DDC557E239}"
	ProjectSection(SolutionItems) = preProject
		..\TreeElementNodeJS\master\Examples\html\branch1.html = ..\TreeElementNodeJS\master\Examples\html\branch1.html
		..\TreeElementNodeJS\master\Examples\html\index.html = ..\TreeElementNodeJS\master\Examples\html\index.html
	EndProjectSection
EndProject
Project("{2150E333-8FDC-42A3-9474-1A3956D46DE8}") = "module", "module", "{1ED90DEF-F658-4943-8B1C-8CCB3207E3A6}"
	ProjectSection(SolutionItems) = preProject
		..\TreeElementNodeJS\master\Examples\module\branch1.html = ..\TreeElementNodeJS\master\Examples\module\branch1.html
		..\TreeElementNodeJS\master\Examples\module\index.html = ..\TreeElementNodeJS\master\Examples\module\index.html
		..\TreeElementNodeJS\master\Examples\module\index.js = ..\TreeElementNodeJS\master\Examples\module\index.js
		..\TreeElementNodeJS\master\Examples\module\licenseBanner.txt = ..\TreeElementNodeJS\master\Examples\module\licenseBanner.txt
		..\TreeElementNodeJS\master\Examples\module\package-lock.json = ..\TreeElementNodeJS\master\Examples\module\package-lock.json
		..\TreeElementNodeJS\master\Examples\module\package.json = ..\TreeElementNodeJS\master\Examples\module\package.json
		..\TreeElementNodeJS\master\Examples\module\README.md = ..\TreeElementNodeJS\master\Examples\module\README.md
		..\TreeElementNodeJS\master\Examples\module\rollup.config.js = ..\TreeElementNodeJS\master\Examples\module\rollup.config.js
		..\TreeElementNodeJS\master\Examples\module\URL.txt = ..\TreeElementNodeJS\master\Examples\module\URL.txt
	EndProjectSection
EndProject
Project("{2150E333-8FDC-42A3-9474-1A3956D46DE8}") = ".github", ".github", "{229652C5-26BA-42FB-8581-1A7EAA20850B}"
EndProject
Project("{2150E333-8FDC-42A3-9474-1A3956D46DE8}") = "ISSUE_TEMPLATE", "ISSUE_TEMPLATE", "{61483539-D152-4B33-BE93-F1999DF992D4}"
	ProjectSection(SolutionItems) = preProject
		..\myThreejs\master\.github\ISSUE_TEMPLATE\bug_report.md = ..\myThreejs\master\.github\ISSUE_TEMPLATE\bug_report.md
		..\myThreejs\master\.github\ISSUE_TEMPLATE\custom.md = ..\myThreejs\master\.github\ISSUE_TEMPLATE\custom.md
		..\myThreejs\master\.github\ISSUE_TEMPLATE\feature_request.md = ..\myThreejs\master\.github\ISSUE_TEMPLATE\feature_request.md
	EndProjectSection
EndProject
Project("{2150E333-8FDC-42A3-9474-1A3956D46DE8}") = "myPoints", "myPoints", "{BFABEFE8-2D6F-4DFE-B547-A6110288357E}"
	ProjectSection(SolutionItems) = preProject
		..\myThreejs\master\myPoints\fragment.c = ..\myThreejs\master\myPoints\fragment.c
		..\myThreejs\master\myPoints\myPoints.js = ..\myThreejs\master\myPoints\myPoints.js
		..\myThreejs\master\myPoints\vertex.c = ..\myThreejs\master\myPoints\vertex.c
	EndProjectSection
EndProject
Project("{2150E333-8FDC-42A3-9474-1A3956D46DE8}") = "frustumPoints", "frustumPoints", "{3CA8C8F2-9A1A-49EA-ABED-7258CD28DF37}"
	ProjectSection(SolutionItems) = preProject
		..\myThreejs\master\frustumPoints\fragment.c = ..\myThreejs\master\frustumPoints\fragment.c
		..\myThreejs\master\frustumPoints\frustumPoints.js = ..\myThreejs\master\frustumPoints\frustumPoints.js
		..\111\vertex.c = ..\111\vertex.c
	EndProjectSection
EndProject
Project("{2150E333-8FDC-42A3-9474-1A3956D46DE8}") = "jsm", "jsm", "{D1C810E6-AFE2-454F-BA21-2FA99D5EA67A}"
EndProject
Project("{2150E333-8FDC-42A3-9474-1A3956D46DE8}") = "effects", "effects", "{719FC213-D43A-4E3A-A406-8F2865337201}"
	ProjectSection(SolutionItems) = preProject
		..\myThreejs\master\Examples\jsm\effects\StereoEffect.js = ..\myThreejs\master\Examples\jsm\effects\StereoEffect.js
	EndProjectSection
EndProject
Project("{2150E333-8FDC-42A3-9474-1A3956D46DE8}") = "src", "src", "{C7036838-B760-4877-8984-326C9A609213}"
EndProject
Project("{2150E333-8FDC-42A3-9474-1A3956D46DE8}") = "objects", "objects", "{E6A3F385-27D0-4A1D-8FD4-B247EDCC2B2A}"
	ProjectSection(SolutionItems) = preProject
		..\myThreejs\master\src\objects\SpriteText.js = ..\myThreejs\master\src\objects\SpriteText.js
	EndProjectSection
EndProject
Project("{2150E333-8FDC-42A3-9474-1A3956D46DE8}") = "helpers", "helpers", "{EACF781A-E113-4702-8175-D0A6FEE2BEBB}"
	ProjectSection(SolutionItems) = preProject
		..\myThreejs\master\src\helpers\AxesHelper.js = ..\myThreejs\master\src\helpers\AxesHelper.js
	EndProjectSection
EndProject
Global
	GlobalSection(SolutionProperties) = preSolution
		HideSolutionNode = FALSE
	EndGlobalSection
	GlobalSection(NestedProjects) = preSolution
		{760A7DBE-76C1-44BC-BC29-F078FDEE7ADD} = {239BA108-DA5E-408C-943B-80ACDC86A316}
		{C1F18924-FF9D-440D-923E-B44CE48E5C95} = {0223DBEA-9314-4B40-8F04-CFF1C5F53A04}
		{239BA108-DA5E-408C-943B-80ACDC86A316} = {FABF9381-3875-40E0-8162-0EBD8D840375}
		{A7F5106D-9319-4868-AB71-F48236F1BFD4} = {239BA108-DA5E-408C-943B-80ACDC86A316}
		{06F88B43-EE91-4E83-87D1-4459A52ED3B3} = {A7F5106D-9319-4868-AB71-F48236F1BFD4}
		{085F70ED-D7FB-445D-90C6-BB363A8F00E3} = {0421419D-1009-480B-95D6-2E153D129FF1}
		{44926EC7-8F52-44FF-9F49-7108ACA4AE2B} = {890184DD-7BB0-4096-AA52-C41EC408C416}
		{B9EADEE5-2A51-41AF-9314-CAB3F6A7AE68} = {44926EC7-8F52-44FF-9F49-7108ACA4AE2B}
		{51A9FB20-00F6-49EA-BF5A-82395DA43E6A} = {DC036934-C830-4900-A2A7-7AD7163265BC}
		{7044C186-2119-49B5-ADCF-52630EB45AD1} = {51A9FB20-00F6-49EA-BF5A-82395DA43E6A}
		{B16F0423-D6B6-4D03-9698-B85BBE9B1116} = {63DBA435-15A5-4267-8CFC-6E462F095676}
		{4608948F-B551-422F-9A74-08F48BDD2A6F} = {B16F0423-D6B6-4D03-9698-B85BBE9B1116}
		{55C011AA-9126-4F51-A0B2-E36253E28908} = {63DBA435-15A5-4267-8CFC-6E462F095676}
		{E74354F1-F348-476C-BAE8-CA114CBB9C78} = {55C011AA-9126-4F51-A0B2-E36253E28908}
		{71DBEE0A-A118-4EDA-98E6-9173245E608A} = {6C84673D-CB9E-478D-A938-72364942439A}
		{A7F7E74B-1958-4054-8836-1E9D88CCCA00} = {DC036934-C830-4900-A2A7-7AD7163265BC}
		{703E6FC9-9BD9-42E0-ABD9-499B245043DF} = {1984DB59-27EA-4B41-AEF8-4BF91E195244}
		{20204269-D267-49CA-80AE-D1DDC557E239} = {703E6FC9-9BD9-42E0-ABD9-499B245043DF}
		{1ED90DEF-F658-4943-8B1C-8CCB3207E3A6} = {703E6FC9-9BD9-42E0-ABD9-499B245043DF}
		{229652C5-26BA-42FB-8581-1A7EAA20850B} = {DC036934-C830-4900-A2A7-7AD7163265BC}
		{61483539-D152-4B33-BE93-F1999DF992D4} = {229652C5-26BA-42FB-8581-1A7EAA20850B}
		{BFABEFE8-2D6F-4DFE-B547-A6110288357E} = {DC036934-C830-4900-A2A7-7AD7163265BC}
		{3CA8C8F2-9A1A-49EA-ABED-7258CD28DF37} = {DC036934-C830-4900-A2A7-7AD7163265BC}
		{D1C810E6-AFE2-454F-BA21-2FA99D5EA67A} = {51A9FB20-00F6-49EA-BF5A-82395DA43E6A}
		{719FC213-D43A-4E3A-A406-8F2865337201} = {D1C810E6-AFE2-454F-BA21-2FA99D5EA67A}
		{C7036838-B760-4877-8984-326C9A609213} = {DC036934-C830-4900-A2A7-7AD7163265BC}
		{E6A3F385-27D0-4A1D-8FD4-B247EDCC2B2A} = {C7036838-B760-4877-8984-326C9A609213}
		{EACF781A-E113-4702-8175-D0A6FEE2BEBB} = {C7036838-B760-4877-8984-326C9A609213}
	EndGlobalSection
	GlobalSection(ExtensibilityGlobals) = postSolution
		SolutionGuid = {7CB737DF-F21F-4878-9745-4F9270D16472}
	EndGlobalSection
EndGlobal
